PODS:
  - Alamofire (4.7.0)
  - Crashlytics (3.9.3):
    - Fabric (~> 1.7.2)
  - CryptoSwift (0.8.3)
  - EVReflection (5.5.5):
    - EVReflection/Core (= 5.5.5)
  - EVReflection/Core (5.5.5)
  - Fabric (1.7.2)
  - IQKeyboardManager (5.0.7)
  - LGSideMenuController (2.1.1)
  - Plaid (1.1.6)
  - RNCryptor (5.0.2)
  - SwiftyJSON (4.0.0)

DEPENDENCIES:
  - Alamofire
  - Crashlytics
  - CryptoSwift
  - EVReflection (~> 5.5.1)
  - Fabric
  - IQKeyboardManager
  - LGSideMenuController
  - Plaid
  - RNCryptor (~> 5.0)
  - SwiftyJSON

SPEC CHECKSUMS:
  Alamofire: 907e0a98eb68cdb7f9d1f541a563d6ac5dc77b25
  Crashlytics: dbb07d01876c171c5ccbdf7826410380189e452c
  CryptoSwift: 033efc3523865d19cc6ab6612fa17a62613b5dfa
  EVReflection: f5acec65ca5591bcb654743156172e3f2cbf2257
  Fabric: 9cd6a848efcf1b8b07497e0b6a2e7d336353ba15
  IQKeyboardManager: 0bfa4607d39924116b5c0c8b55b5d789288b5cba
  LGSideMenuController: ae40c80983ab8b8801c7cef0a6804d43aaa72d45
  Plaid: 254ef68f0ec28fc48627504aefb0c18dde5d08d8
  RNCryptor: 59b9f92e9fa8a1af74c32dc6b1af5e30ff5e1b64
  SwiftyJSON: 070dabdcb1beb81b247c65ffa3a79dbbfb3b48aa

PODFILE CHECKSUM: 7659c8be732ce6ad124902adee960368de056a1b

COCOAPODS: 1.4.0
